
Microsoft Visual Studio Solution File, Format Version 12.00
# Visual Studio Version 16
VisualStudioVersion = 16.0.32228.343
MinimumVisualStudioVersion = 10.0.40219.1
Project("{FAE04EC0-301F-11D3-BF4B-00C04F79EFBC}") = "CodeAcademy", "CodeAcademy.csproj", "{2B3000CE-851E-4C1F-816B-620DD5DF6FA2}"
EndProject
Global
	GlobalSection(SolutionConfigurationPlatforms) = preSolution
		Debug|Any CPU = Debug|Any CPU
		Release|Any CPU = Release|Any CPU
	EndGlobalSection
	GlobalSection(ProjectConfigurationPlatforms) = postSolution
		{2B3000CE-851E-4C1F-816B-620DD5DF6FA2}.Debug|Any CPU.ActiveCfg = Debug|Any CPU
		{2B3000CE-851E-4C1F-816B-620DD5DF6FA2}.Debug|Any CPU.Build.0 = Debug|Any CPU
		{2B3000CE-851E-4C1F-816B-620DD5DF6FA2}.Release|Any CPU.ActiveCfg = Release|Any CPU
		{2B3000CE-851E-4C1F-816B-620DD5DF6FA2}.Release|Any CPU.Build.0 = Release|Any CPU
	EndGlobalSection
	GlobalSection(SolutionProperties) = preSolution
		HideSolutionNode = FALSE
	EndGlobalSection
	GlobalSection(ExtensibilityGlobals) = postSolution
		SolutionGuid = {F53D2EAD-867C-4732-9E75-F75C7C929CD8}
	EndGlobalSection
EndGlobal
